
Microsoft Visual Studio Solution File, Format Version 12.00
# Visual Studio Version 17
VisualStudioVersion = 17.6.33723.286
MinimumVisualStudioVersion = 10.0.40219.1
Project("{FAE04EC0-301F-11D3-BF4B-00C04F79EFBC}") = "WPFAccessKey", "WPFAccessKey\WPFAccessKey.csproj", "{98798A05-D44A-4FE3-B74D-A858EB7C12A1}"
EndProject
Project("{FAE04EC0-301F-11D3-BF4B-00C04F79EFBC}") = "WpfBase", "WpfBase\WpfBase.csproj", "{3070D9E3-9F49-4702-A307-F6AA2F56FDD4}"
EndProject
Global
	GlobalSection(SolutionConfigurationPlatforms) = preSolution
		Debug|Any CPU = Debug|Any CPU
		Release|Any CPU = Release|Any CPU
	EndGlobalSection
	GlobalSection(ProjectConfigurationPlatforms) = postSolution
		{98798A05-D44A-4FE3-B74D-A858EB7C12A1}.Debug|Any CPU.ActiveCfg = Debug|Any CPU
		{98798A05-D44A-4FE3-B74D-A858EB7C12A1}.Debug|Any CPU.Build.0 = Debug|Any CPU
		{98798A05-D44A-4FE3-B74D-A858EB7C12A1}.Release|Any CPU.ActiveCfg = Release|Any CPU
		{98798A05-D44A-4FE3-B74D-A858EB7C12A1}.Release|Any CPU.Build.0 = Release|Any CPU
		{3070D9E3-9F49-4702-A307-F6AA2F56FDD4}.Debug|Any CPU.ActiveCfg = Debug|Any CPU
		{3070D9E3-9F49-4702-A307-F6AA2F56FDD4}.Debug|Any CPU.Build.0 = Debug|Any CPU
		{3070D9E3-9F49-4702-A307-F6AA2F56FDD4}.Release|Any CPU.ActiveCfg = Release|Any CPU
		{3070D9E3-9F49-4702-A307-F6AA2F56FDD4}.Release|Any CPU.Build.0 = Release|Any CPU
	EndGlobalSection
	GlobalSection(SolutionProperties) = preSolution
		HideSolutionNode = FALSE
	EndGlobalSection
	GlobalSection(ExtensibilityGlobals) = postSolution
		SolutionGuid = {D26040F7-2BB6-4AED-90E5-1A4B2244F78D}
	EndGlobalSection
EndGlobal
